
Microsoft Visual Studio Solution File, Format Version 12.00
# Visual Studio Version 17
VisualStudioVersion = 17.14.36310.24
MinimumVisualStudioVersion = 10.0.40219.1
Project("{2150E333-8FDC-42A3-9474-1A3956D46DE8}") = "src", "src", "{02EA681E-C7D8-13C7-8484-4AC65E1B71E8}"
EndProject
Project("{2150E333-8FDC-42A3-9474-1A3956D46DE8}") = "Server", "Server", "{22800977-86A8-4D65-9165-CAC5AA274F78}"
EndProject
Project("{2150E333-8FDC-42A3-9474-1A3956D46DE8}") = "Core", "Core", "{1DD3A6EA-A6BB-4097-B03C-D376B637324A}"
EndProject
Project("{2150E333-8FDC-42A3-9474-1A3956D46DE8}") = "Infrastructure", "Infrastructure", "{577EEFA1-B2BB-44A6-B691-7000C4B5E394}"
EndProject
Project("{2150E333-8FDC-42A3-9474-1A3956D46DE8}") = "Api", "Api", "{CF410EF9-1FE2-43E8-A2BD-ABFE5876710C}"
EndProject
Project("{FAE04EC0-301F-11D3-BF4B-00C04F79EFBC}") = "MediaStore.Api", "MediaStore.Api\MediaStore.Api.csproj", "{CC82C8E1-F653-41C0-9E6D-2E5CED5D9083}"
EndProject
Project("{FAE04EC0-301F-11D3-BF4B-00C04F79EFBC}") = "MediaStore.Application", "MediaStore.Application\MediaStore.Application.csproj", "{C966CBE0-C733-451C-9E56-37A71B398AA9}"
EndProject
Project("{FAE04EC0-301F-11D3-BF4B-00C04F79EFBC}") = "MediaStore.Persistence", "MediaStore.Persistence\MediaStore.Persistence.csproj", "{2C558219-CB7E-4F1D-BC11-CAE0CC7C776D}"
EndProject
Project("{FAE04EC0-301F-11D3-BF4B-00C04F79EFBC}") = "MediaStore.Infrastructure", "MediaStore.Infrastructure\MediaStore.Infrastructure.csproj", "{6014BAE1-88E7-44E2-8DEA-2E7E5FDCC181}"
EndProject
Project("{FAE04EC0-301F-11D3-BF4B-00C04F79EFBC}") = "MediaStore.Identity", "MediaStore.Identity\MediaStore.Identity.csproj", "{3CAE669D-05F1-4C23-9737-24972A9BB815}"
EndProject
Project("{FAE04EC0-301F-11D3-BF4B-00C04F79EFBC}") = "MediaStore.Domain", "MediaStore.Domain\MediaStore.Domain.csproj", "{EB186FC0-646E-4BD7-906E-E2DC1D8BCFD1}"
EndProject
Global
	GlobalSection(SolutionConfigurationPlatforms) = preSolution
		Debug|Any CPU = Debug|Any CPU
		Release|Any CPU = Release|Any CPU
	EndGlobalSection
	GlobalSection(ProjectConfigurationPlatforms) = postSolution
		{CC82C8E1-F653-41C0-9E6D-2E5CED5D9083}.Debug|Any CPU.ActiveCfg = Debug|Any CPU
		{CC82C8E1-F653-41C0-9E6D-2E5CED5D9083}.Debug|Any CPU.Build.0 = Debug|Any CPU
		{CC82C8E1-F653-41C0-9E6D-2E5CED5D9083}.Release|Any CPU.ActiveCfg = Release|Any CPU
		{CC82C8E1-F653-41C0-9E6D-2E5CED5D9083}.Release|Any CPU.Build.0 = Release|Any CPU
		{C966CBE0-C733-451C-9E56-37A71B398AA9}.Debug|Any CPU.ActiveCfg = Debug|Any CPU
		{C966CBE0-C733-451C-9E56-37A71B398AA9}.Debug|Any CPU.Build.0 = Debug|Any CPU
		{C966CBE0-C733-451C-9E56-37A71B398AA9}.Release|Any CPU.ActiveCfg = Release|Any CPU
		{C966CBE0-C733-451C-9E56-37A71B398AA9}.Release|Any CPU.Build.0 = Release|Any CPU
		{2C558219-CB7E-4F1D-BC11-CAE0CC7C776D}.Debug|Any CPU.ActiveCfg = Debug|Any CPU
		{2C558219-CB7E-4F1D-BC11-CAE0CC7C776D}.Debug|Any CPU.Build.0 = Debug|Any CPU
		{2C558219-CB7E-4F1D-BC11-CAE0CC7C776D}.Release|Any CPU.ActiveCfg = Release|Any CPU
		{2C558219-CB7E-4F1D-BC11-CAE0CC7C776D}.Release|Any CPU.Build.0 = Release|Any CPU
		{6014BAE1-88E7-44E2-8DEA-2E7E5FDCC181}.Debug|Any CPU.ActiveCfg = Debug|Any CPU
		{6014BAE1-88E7-44E2-8DEA-2E7E5FDCC181}.Debug|Any CPU.Build.0 = Debug|Any CPU
		{6014BAE1-88E7-44E2-8DEA-2E7E5FDCC181}.Release|Any CPU.ActiveCfg = Release|Any CPU
		{6014BAE1-88E7-44E2-8DEA-2E7E5FDCC181}.Release|Any CPU.Build.0 = Release|Any CPU
		{3CAE669D-05F1-4C23-9737-24972A9BB815}.Debug|Any CPU.ActiveCfg = Debug|Any CPU
		{3CAE669D-05F1-4C23-9737-24972A9BB815}.Debug|Any CPU.Build.0 = Debug|Any CPU
		{3CAE669D-05F1-4C23-9737-24972A9BB815}.Release|Any CPU.ActiveCfg = Release|Any CPU
		{3CAE669D-05F1-4C23-9737-24972A9BB815}.Release|Any CPU.Build.0 = Release|Any CPU
		{EB186FC0-646E-4BD7-906E-E2DC1D8BCFD1}.Debug|Any CPU.ActiveCfg = Debug|Any CPU
		{EB186FC0-646E-4BD7-906E-E2DC1D8BCFD1}.Debug|Any CPU.Build.0 = Debug|Any CPU
		{EB186FC0-646E-4BD7-906E-E2DC1D8BCFD1}.Release|Any CPU.ActiveCfg = Release|Any CPU
		{EB186FC0-646E-4BD7-906E-E2DC1D8BCFD1}.Release|Any CPU.Build.0 = Release|Any CPU
	EndGlobalSection
	GlobalSection(SolutionProperties) = preSolution
		HideSolutionNode = FALSE
	EndGlobalSection
	GlobalSection(NestedProjects) = preSolution
		{22800977-86A8-4D65-9165-CAC5AA274F78} = {02EA681E-C7D8-13C7-8484-4AC65E1B71E8}
		{1DD3A6EA-A6BB-4097-B03C-D376B637324A} = {22800977-86A8-4D65-9165-CAC5AA274F78}
		{577EEFA1-B2BB-44A6-B691-7000C4B5E394} = {22800977-86A8-4D65-9165-CAC5AA274F78}
		{CF410EF9-1FE2-43E8-A2BD-ABFE5876710C} = {22800977-86A8-4D65-9165-CAC5AA274F78}
		{CC82C8E1-F653-41C0-9E6D-2E5CED5D9083} = {CF410EF9-1FE2-43E8-A2BD-ABFE5876710C}
		{C966CBE0-C733-451C-9E56-37A71B398AA9} = {1DD3A6EA-A6BB-4097-B03C-D376B637324A}
		{2C558219-CB7E-4F1D-BC11-CAE0CC7C776D} = {577EEFA1-B2BB-44A6-B691-7000C4B5E394}
		{6014BAE1-88E7-44E2-8DEA-2E7E5FDCC181} = {577EEFA1-B2BB-44A6-B691-7000C4B5E394}
		{3CAE669D-05F1-4C23-9737-24972A9BB815} = {577EEFA1-B2BB-44A6-B691-7000C4B5E394}
		{EB186FC0-646E-4BD7-906E-E2DC1D8BCFD1} = {1DD3A6EA-A6BB-4097-B03C-D376B637324A}
	EndGlobalSection
	GlobalSection(ExtensibilityGlobals) = postSolution
		SolutionGuid = {411507F7-1F0A-470B-9EF9-380C459DF50A}
	EndGlobalSection
EndGlobal
